
Microsoft Visual Studio Solution File, Format Version 12.00
# Visual Studio Version 16
VisualStudioVersion = 16.0.29613.14
MinimumVisualStudioVersion = 10.0.40219.1
Project("{FAE04EC0-301F-11D3-BF4B-00C04F79EFBC}") = "ShortCodingTest", "ShortCodingTest\ShortCodingTest.csproj", "{348A8513-BC15-493F-9314-BF397BA16C16}"
EndProject
Global
	GlobalSection(SolutionConfigurationPlatforms) = preSolution
		Debug|Any CPU = Debug|Any CPU
		Release|Any CPU = Release|Any CPU
	EndGlobalSection
	GlobalSection(ProjectConfigurationPlatforms) = postSolution
		{348A8513-BC15-493F-9314-BF397BA16C16}.Debug|Any CPU.ActiveCfg = Debug|Any CPU
		{348A8513-BC15-493F-9314-BF397BA16C16}.Debug|Any CPU.Build.0 = Debug|Any CPU
		{348A8513-BC15-493F-9314-BF397BA16C16}.Release|Any CPU.ActiveCfg = Release|Any CPU
		{348A8513-BC15-493F-9314-BF397BA16C16}.Release|Any CPU.Build.0 = Release|Any CPU
	EndGlobalSection
	GlobalSection(SolutionProperties) = preSolution
		HideSolutionNode = FALSE
	EndGlobalSection
	GlobalSection(ExtensibilityGlobals) = postSolution
		SolutionGuid = {6A8419E3-8CA9-4E36-8E36-4D0178E4AE16}
	EndGlobalSection
EndGlobal
